<?xml version="1.0" encoding="utf-8"?>
<Project ToolsVersion="4.0" xmlns="http://schemas.microsoft.com/developer/msbuild/2003">
  <ItemGroup>
    <Filter Include="Common">
      <UniqueIdentifier>{c1258602-d67c-4695-ae6d-ffb072288110}</UniqueIdentifier>
    </Filter>
    <Filter Include="Common\Header Files">
      <UniqueIdentifier>{cd2e8a92-bda2-4c70-800d-aa0eb93c80d2}</UniqueIdentifier>
    </Filter>
    <Filter Include="Common\Source Files">
      <UniqueIdentifier>{45fdff05-cc9f-4481-b09b-f8e8a99c76d8}</UniqueIdentifier>
    </Filter>
    <Filter Include="Source">
      <UniqueIdentifier>{7d34d9f0-cb70-4615-adf2-d3a2a09e8ebe}</UniqueIdentifier>
    </Filter>
    <Filter Include="Source\Header Files">
      <UniqueIdentifier>{93995380-89BD-4b04-88EB-625FBE52EBFB}</UniqueIdentifier>
      <Extensions>h;hh;hpp;hxx;hm;inl;inc;xsd</Extensions>
    </Filter>
    <Filter Include="Source\Source Files">
      <UniqueIdentifier>{4FC737F1-C7A5-4376-A066-2A32D752A2FF}</UniqueIdentifier>
      <Extensions>cpp;c;cc;cxx;def;odl;idl;hpj;bat;asm;asmx</Extensions>
    </Filter>
  </ItemGroup>
  <ItemGroup>
    <ClCompile Include="src\injector_main.cpp">
      <Filter>Source\Source Files</Filter>
    </ClCompile>
    <ClCompile Include="..\Common\src\common_console.cpp">
      <Filter>Common\Source Files</Filter>
    </ClCompile>
    <ClCompile Include="..\Common\src\common_log.cpp">
      <Filter>Common\Source Files</Filter>
    </ClCompile>
    <ClCompile Include="..\Common\src\common_error.cpp">
      <Filter>Common\Source Files</Filter>
    </ClCompile>
    <ClCompile Include="..\Common\src\common_string.cpp">
      <Filter>Common\Source Files</Filter>
    </ClCompile>
  </ItemGroup>
  <ItemGroup>
    <ClInclude Include="..\Common\inc\common_console.h">
      <Filter>Common\Header Files</Filter>
    </ClInclude>
    <ClInclude Include="..\Common\inc\common_log.h">
      <Filter>Common\Header Files</Filter>
    </ClInclude>
    <ClInclude Include="..\Common\inc\common_error.h">
      <Filter>Common\Header Files</Filter>
    </ClInclude>
    <ClInclude Include="..\Common\inc\common_string.h">
      <Filter>Common\Header Files</Filter>
    </ClInclude>
  </ItemGroup>
</Project>